// !$*UTF8*$!
{
	archiveVersion = 1;
	classes = {
	};
	objectVersion = 45;
	objects = {

/* Begin PBXBuildFile section */
		1D3623260D0F684500981E51 /* SnowyAppDelegate.m in Sources */ = {isa = PBXBuildFile; fileRef = 1D3623250D0F684500981E51 /* SnowyAppDelegate.m */; };
		1D60589B0D05DD56006BFB54 /* main.m in Sources */ = {isa = PBXBuildFile; fileRef = 29B97316FDCFA39411CA2CEA /* main.m */; };
		1D60589F0D05DD5A006BFB54 /* Foundation.framework in Frameworks */ = {isa = PBXBuildFile; fileRef = 1D30AB110D05D00D00671497 /* Foundation.framework */; };
		1DF5F4E00D08C38300B7A737 /* UIKit.framework in Frameworks */ = {isa = PBXBuildFile; fileRef = 1DF5F4DF0D08C38300B7A737 /* UIKit.framework */; };
		2892E4100DC94CBA00A64D0F /* CoreGraphics.framework in Frameworks */ = {isa = PBXBuildFile; fileRef = 2892E40F0DC94CBA00A64D0F /* CoreGraphics.framework */; };
		28AD73600D9D9599002E5188 /* MainWindow.xib in Resources */ = {isa = PBXBuildFile; fileRef = 28AD735F0D9D9599002E5188 /* MainWindow.xib */; };
		28C286E10D94DF7D0034E888 /* RootViewController.m in Sources */ = {isa = PBXBuildFile; fileRef = 28C286E00D94DF7D0034E888 /* RootViewController.m */; };
		EC21E3DB110F3AF1000B22F3 /* Condominiums.plist in Resources */ = {isa = PBXBuildFile; fileRef = EC21E3DA110F3AF1000B22F3 /* Condominiums.plist */; };
		EC21E455110F43DC000B22F3 /* PropertyViewController.m in Sources */ = {isa = PBXBuildFile; fileRef = EC21E454110F43DC000B22F3 /* PropertyViewController.m */; };
		EC21E4F7110F5106000B22F3 /* tab-rentals-on.jpg in Resources */ = {isa = PBXBuildFile; fileRef = EC21E4EF110F5106000B22F3 /* tab-rentals-on.jpg */; };
		EC21E4F8110F5106000B22F3 /* tab-rentals.jpg in Resources */ = {isa = PBXBuildFile; fileRef = EC21E4F0110F5106000B22F3 /* tab-rentals.jpg */; };
		EC21E4F9110F5106000B22F3 /* tab-toronto-on.jpg in Resources */ = {isa = PBXBuildFile; fileRef = EC21E4F1110F5106000B22F3 /* tab-toronto-on.jpg */; };
		EC21E4FA110F5106000B22F3 /* tab-toronto.jpg in Resources */ = {isa = PBXBuildFile; fileRef = EC21E4F2110F5106000B22F3 /* tab-toronto.jpg */; };
		EC21E4FB110F5106000B22F3 /* tab-florida-on.jpg in Resources */ = {isa = PBXBuildFile; fileRef = EC21E4F3110F5106000B22F3 /* tab-florida-on.jpg */; };
		EC21E4FC110F5106000B22F3 /* tab-florida.jpg in Resources */ = {isa = PBXBuildFile; fileRef = EC21E4F4110F5106000B22F3 /* tab-florida.jpg */; };
		EC21E4FD110F5106000B22F3 /* tab-ottawa-on.jpg in Resources */ = {isa = PBXBuildFile; fileRef = EC21E4F5110F5106000B22F3 /* tab-ottawa-on.jpg */; };
		EC21E4FE110F5106000B22F3 /* tab-ottawa.jpg in Resources */ = {isa = PBXBuildFile; fileRef = EC21E4F6110F5106000B22F3 /* tab-ottawa.jpg */; };
		EC21E57E110F58CC000B22F3 /* header-king-west.jpg in Resources */ = {isa = PBXBuildFile; fileRef = EC21E57A110F58CC000B22F3 /* header-king-west.jpg */; };
		EC21E57F110F58CC000B22F3 /* header-midtown.jpg in Resources */ = {isa = PBXBuildFile; fileRef = EC21E57B110F58CC000B22F3 /* header-midtown.jpg */; };
		EC21E580110F58CC000B22F3 /* header-skyy.jpg in Resources */ = {isa = PBXBuildFile; fileRef = EC21E57C110F58CC000B22F3 /* header-skyy.jpg */; };
		EC21E581110F58CC000B22F3 /* header-st-thomas.jpg in Resources */ = {isa = PBXBuildFile; fileRef = EC21E57D110F58CC000B22F3 /* header-st-thomas.jpg */; };
		EC21E698110F7721000B22F3 /* quadrant.png in Resources */ = {isa = PBXBuildFile; fileRef = EC21E697110F7721000B22F3 /* quadrant.png */; };
		EC21E6D2110F7E49000B22F3 /* FloorplanView.m in Sources */ = {isa = PBXBuildFile; fileRef = EC21E6D1110F7E49000B22F3 /* FloorplanView.m */; };
		EC21E72F110F8832000B22F3 /* FloorplanScrollerView.m in Sources */ = {isa = PBXBuildFile; fileRef = EC21E72E110F8832000B22F3 /* FloorplanScrollerView.m */; };
		EC21EC791110B5F8000B22F3 /* Location.m in Sources */ = {isa = PBXBuildFile; fileRef = EC21EC781110B5F8000B22F3 /* Location.m */; };
		EC21EC7C1110B60D000B22F3 /* Property.m in Sources */ = {isa = PBXBuildFile; fileRef = EC21EC7B1110B60D000B22F3 /* Property.m */; };
		EC21EC7F1110B61A000B22F3 /* Floorplan.m in Sources */ = {isa = PBXBuildFile; fileRef = EC21EC7E1110B61A000B22F3 /* Floorplan.m */; };
		ECB826E71110D3E000BB9EEA /* LocationViewController.m in Sources */ = {isa = PBXBuildFile; fileRef = ECB826E61110D3E000BB9EEA /* LocationViewController.m */; };
		ECBC224211178613000B4AB7 /* VirtualTourView.m in Sources */ = {isa = PBXBuildFile; fileRef = ECBC224111178613000B4AB7 /* VirtualTourView.m */; };
		ECBC22E711188382000B4AB7 /* virtual-1.jpg in Resources */ = {isa = PBXBuildFile; fileRef = ECBC22E411188382000B4AB7 /* virtual-1.jpg */; };
		ECBC22E811188382000B4AB7 /* virtual-2.jpg in Resources */ = {isa = PBXBuildFile; fileRef = ECBC22E511188382000B4AB7 /* virtual-2.jpg */; };
		ECBC22E911188382000B4AB7 /* virtual-3.jpg in Resources */ = {isa = PBXBuildFile; fileRef = ECBC22E611188382000B4AB7 /* virtual-3.jpg */; };
		ECEC1BF0110E3B700064225E /* HomeView.m in Sources */ = {isa = PBXBuildFile; fileRef = ECEC1BEF110E3B700064225E /* HomeView.m */; };
		ECEC1C27110E43980064225E /* Default.png in Resources */ = {isa = PBXBuildFile; fileRef = ECEC1C1E110E43980064225E /* Default.png */; };
		ECEC1C59110E4B610064225E /* floorplan-1.png in Resources */ = {isa = PBXBuildFile; fileRef = ECEC1C56110E4B610064225E /* floorplan-1.png */; };
		ECEC1C5A110E4B610064225E /* floorplan-2.png in Resources */ = {isa = PBXBuildFile; fileRef = ECEC1C57110E4B610064225E /* floorplan-2.png */; };
		ECEC1C5B110E4B610064225E /* floorplan-3.png in Resources */ = {isa = PBXBuildFile; fileRef = ECEC1C58110E4B610064225E /* floorplan-3.png */; };
		ECEC1C5E110E4B820064225E /* FloorplansViewController.m in Sources */ = {isa = PBXBuildFile; fileRef = ECEC1C5D110E4B820064225E /* FloorplansViewController.m */; };
/* End PBXBuildFile section */

/* Begin PBXFileReference section */
		1D30AB110D05D00D00671497 /* Foundation.framework */ = {isa = PBXFileReference; lastKnownFileType = wrapper.framework; name = Foundation.framework; path = System/Library/Frameworks/Foundation.framework; sourceTree = SDKROOT; };
		1D3623240D0F684500981E51 /* SnowyAppDelegate.h */ = {isa = PBXFileReference; fileEncoding = 4; lastKnownFileType = sourcecode.c.h; path = SnowyAppDelegate.h; sourceTree = "<group>"; };
		1D3623250D0F684500981E51 /* SnowyAppDelegate.m */ = {isa = PBXFileReference; fileEncoding = 4; lastKnownFileType = sourcecode.c.objc; path = SnowyAppDelegate.m; sourceTree = "<group>"; };
		1D6058910D05DD3D006BFB54 /* Snowy.app */ = {isa = PBXFileReference; explicitFileType = wrapper.application; includeInIndex = 0; path = Snowy.app; sourceTree = BUILT_PRODUCTS_DIR; };
		1DF5F4DF0D08C38300B7A737 /* UIKit.framework */ = {isa = PBXFileReference; lastKnownFileType = wrapper.framework; name = UIKit.framework; path = System/Library/Frameworks/UIKit.framework; sourceTree = SDKROOT; };
		2892E40F0DC94CBA00A64D0F /* CoreGraphics.framework */ = {isa = PBXFileReference; lastKnownFileType = wrapper.framework; name = CoreGraphics.framework; path = System/Library/Frameworks/CoreGraphics.framework; sourceTree = SDKROOT; };
		28A0AAE50D9B0CCF005BE974 /* Snowy_Prefix.pch */ = {isa = PBXFileReference; fileEncoding = 4; lastKnownFileType = sourcecode.c.h; path = Snowy_Prefix.pch; sourceTree = "<group>"; };
		28AD735F0D9D9599002E5188 /* MainWindow.xib */ = {isa = PBXFileReference; lastKnownFileType = file.xib; path = MainWindow.xib; sourceTree = "<group>"; };
		28C286DF0D94DF7D0034E888 /* RootViewController.h */ = {isa = PBXFileReference; fileEncoding = 4; lastKnownFileType = sourcecode.c.h; path = RootViewController.h; sourceTree = "<group>"; };
		28C286E00D94DF7D0034E888 /* RootViewController.m */ = {isa = PBXFileReference; fileEncoding = 4; lastKnownFileType = sourcecode.c.objc; path = RootViewController.m; sourceTree = "<group>"; };
		29B97316FDCFA39411CA2CEA /* main.m */ = {isa = PBXFileReference; fileEncoding = 4; lastKnownFileType = sourcecode.c.objc; path = main.m; sourceTree = "<group>"; };
		8D1107310486CEB800E47090 /* Snowy-Info.plist */ = {isa = PBXFileReference; fileEncoding = 4; lastKnownFileType = text.plist.xml; path = "Snowy-Info.plist"; plistStructureDefinitionIdentifier = "com.apple.xcode.plist.structure-definition.iphone.info-plist"; sourceTree = "<group>"; };
		EC21E3DA110F3AF1000B22F3 /* Condominiums.plist */ = {isa = PBXFileReference; fileEncoding = 4; lastKnownFileType = text.plist.xml; path = Condominiums.plist; sourceTree = "<group>"; };
		EC21E453110F43DC000B22F3 /* PropertyViewController.h */ = {isa = PBXFileReference; fileEncoding = 4; lastKnownFileType = sourcecode.c.h; path = PropertyViewController.h; sourceTree = "<group>"; };
		EC21E454110F43DC000B22F3 /* PropertyViewController.m */ = {isa = PBXFileReference; fileEncoding = 4; lastKnownFileType = sourcecode.c.objc; path = PropertyViewController.m; sourceTree = "<group>"; };
		EC21E4EF110F5106000B22F3 /* tab-rentals-on.jpg */ = {isa = PBXFileReference; lastKnownFileType = image.jpeg; path = "tab-rentals-on.jpg"; sourceTree = "<group>"; };
		EC21E4F0110F5106000B22F3 /* tab-rentals.jpg */ = {isa = PBXFileReference; lastKnownFileType = image.jpeg; path = "tab-rentals.jpg"; sourceTree = "<group>"; };
		EC21E4F1110F5106000B22F3 /* tab-toronto-on.jpg */ = {isa = PBXFileReference; lastKnownFileType = image.jpeg; path = "tab-toronto-on.jpg"; sourceTree = "<group>"; };
		EC21E4F2110F5106000B22F3 /* tab-toronto.jpg */ = {isa = PBXFileReference; lastKnownFileType = image.jpeg; path = "tab-toronto.jpg"; sourceTree = "<group>"; };
		EC21E4F3110F5106000B22F3 /* tab-florida-on.jpg */ = {isa = PBXFileReference; lastKnownFileType = image.jpeg; path = "tab-florida-on.jpg"; sourceTree = "<group>"; };
		EC21E4F4110F5106000B22F3 /* tab-florida.jpg */ = {isa = PBXFileReference; lastKnownFileType = image.jpeg; path = "tab-florida.jpg"; sourceTree = "<group>"; };
		EC21E4F5110F5106000B22F3 /* tab-ottawa-on.jpg */ = {isa = PBXFileReference; lastKnownFileType = image.jpeg; path = "tab-ottawa-on.jpg"; sourceTree = "<group>"; };
		EC21E4F6110F5106000B22F3 /* tab-ottawa.jpg */ = {isa = PBXFileReference; lastKnownFileType = image.jpeg; path = "tab-ottawa.jpg"; sourceTree = "<group>"; };
		EC21E57A110F58CC000B22F3 /* header-king-west.jpg */ = {isa = PBXFileReference; lastKnownFileType = image.jpeg; path = "header-king-west.jpg"; sourceTree = "<group>"; };
		EC21E57B110F58CC000B22F3 /* header-midtown.jpg */ = {isa = PBXFileReference; lastKnownFileType = image.jpeg; path = "header-midtown.jpg"; sourceTree = "<group>"; };
		EC21E57C110F58CC000B22F3 /* header-skyy.jpg */ = {isa = PBXFileReference; lastKnownFileType = image.jpeg; path = "header-skyy.jpg"; sourceTree = "<group>"; };
		EC21E57D110F58CC000B22F3 /* header-st-thomas.jpg */ = {isa = PBXFileReference; lastKnownFileType = image.jpeg; path = "header-st-thomas.jpg"; sourceTree = "<group>"; };
		EC21E697110F7721000B22F3 /* quadrant.png */ = {isa = PBXFileReference; lastKnownFileType = image.png; path = quadrant.png; sourceTree = "<group>"; };
		EC21E6D0110F7E49000B22F3 /* FloorplanView.h */ = {isa = PBXFileReference; fileEncoding = 4; lastKnownFileType = sourcecode.c.h; path = FloorplanView.h; sourceTree = "<group>"; };
		EC21E6D1110F7E49000B22F3 /* FloorplanView.m */ = {isa = PBXFileReference; fileEncoding = 4; lastKnownFileType = sourcecode.c.objc; path = FloorplanView.m; sourceTree = "<group>"; };
		EC21E72D110F8832000B22F3 /* FloorplanScrollerView.h */ = {isa = PBXFileReference; fileEncoding = 4; lastKnownFileType = sourcecode.c.h; path = FloorplanScrollerView.h; sourceTree = "<group>"; };
		EC21E72E110F8832000B22F3 /* FloorplanScrollerView.m */ = {isa = PBXFileReference; fileEncoding = 4; lastKnownFileType = sourcecode.c.objc; path = FloorplanScrollerView.m; sourceTree = "<group>"; };
		EC21EC771110B5F8000B22F3 /* Location.h */ = {isa = PBXFileReference; fileEncoding = 4; lastKnownFileType = sourcecode.c.h; path = Location.h; sourceTree = "<group>"; };
		EC21EC781110B5F8000B22F3 /* Location.m */ = {isa = PBXFileReference; fileEncoding = 4; lastKnownFileType = sourcecode.c.objc; path = Location.m; sourceTree = "<group>"; };
		EC21EC7A1110B60D000B22F3 /* Property.h */ = {isa = PBXFileReference; fileEncoding = 4; lastKnownFileType = sourcecode.c.h; path = Property.h; sourceTree = "<group>"; };
		EC21EC7B1110B60D000B22F3 /* Property.m */ = {isa = PBXFileReference; fileEncoding = 4; lastKnownFileType = sourcecode.c.objc; path = Property.m; sourceTree = "<group>"; };
		EC21EC7D1110B61A000B22F3 /* Floorplan.h */ = {isa = PBXFileReference; fileEncoding = 4; lastKnownFileType = sourcecode.c.h; path = Floorplan.h; sourceTree = "<group>"; };
		EC21EC7E1110B61A000B22F3 /* Floorplan.m */ = {isa = PBXFileReference; fileEncoding = 4; lastKnownFileType = sourcecode.c.objc; path = Floorplan.m; sourceTree = "<group>"; };
		ECB826E51110D3E000BB9EEA /* LocationViewController.h */ = {isa = PBXFileReference; fileEncoding = 4; lastKnownFileType = sourcecode.c.h; path = LocationViewController.h; sourceTree = "<group>"; };
		ECB826E61110D3E000BB9EEA /* LocationViewController.m */ = {isa = PBXFileReference; fileEncoding = 4; lastKnownFileType = sourcecode.c.objc; path = LocationViewController.m; sourceTree = "<group>"; };
		ECBC224011178613000B4AB7 /* VirtualTourView.h */ = {isa = PBXFileReference; fileEncoding = 4; lastKnownFileType = sourcecode.c.h; path = VirtualTourView.h; sourceTree = "<group>"; };
		ECBC224111178613000B4AB7 /* VirtualTourView.m */ = {isa = PBXFileReference; fileEncoding = 4; lastKnownFileType = sourcecode.c.objc; path = VirtualTourView.m; sourceTree = "<group>"; };
		ECBC22E411188382000B4AB7 /* virtual-1.jpg */ = {isa = PBXFileReference; lastKnownFileType = image.jpeg; path = "virtual-1.jpg"; sourceTree = "<group>"; };
		ECBC22E511188382000B4AB7 /* virtual-2.jpg */ = {isa = PBXFileReference; lastKnownFileType = image.jpeg; path = "virtual-2.jpg"; sourceTree = "<group>"; };
		ECBC22E611188382000B4AB7 /* virtual-3.jpg */ = {isa = PBXFileReference; lastKnownFileType = image.jpeg; path = "virtual-3.jpg"; sourceTree = "<group>"; };
		ECEC1BEE110E3B700064225E /* HomeView.h */ = {isa = PBXFileReference; fileEncoding = 4; lastKnownFileType = sourcecode.c.h; path = HomeView.h; sourceTree = "<group>"; };
		ECEC1BEF110E3B700064225E /* HomeView.m */ = {isa = PBXFileReference; fileEncoding = 4; lastKnownFileType = sourcecode.c.objc; path = HomeView.m; sourceTree = "<group>"; };
		ECEC1C1E110E43980064225E /* Default.png */ = {isa = PBXFileReference; lastKnownFileType = image.png; path = Default.png; sourceTree = "<group>"; };
		ECEC1C56110E4B610064225E /* floorplan-1.png */ = {isa = PBXFileReference; lastKnownFileType = image.png; path = "floorplan-1.png"; sourceTree = "<group>"; };
		ECEC1C57110E4B610064225E /* floorplan-2.png */ = {isa = PBXFileReference; lastKnownFileType = image.png; path = "floorplan-2.png"; sourceTree = "<group>"; };
		ECEC1C58110E4B610064225E /* floorplan-3.png */ = {isa = PBXFileReference; lastKnownFileType = image.png; path = "floorplan-3.png"; sourceTree = "<group>"; };
		ECEC1C5C110E4B820064225E /* FloorplansViewController.h */ = {isa = PBXFileReference; fileEncoding = 4; lastKnownFileType = sourcecode.c.h; path = FloorplansViewController.h; sourceTree = "<group>"; };
		ECEC1C5D110E4B820064225E /* FloorplansViewController.m */ = {isa = PBXFileReference; fileEncoding = 4; lastKnownFileType = sourcecode.c.objc; path = FloorplansViewController.m; sourceTree = "<group>"; };
/* End PBXFileReference section */

/* Begin PBXFrameworksBuildPhase section */
		1D60588F0D05DD3D006BFB54 /* Frameworks */ = {
			isa = PBXFrameworksBuildPhase;
			buildActionMask = 2147483647;
			files = (
				1D60589F0D05DD5A006BFB54 /* Foundation.framework in Frameworks */,
				1DF5F4E00D08C38300B7A737 /* UIKit.framework in Frameworks */,
				2892E4100DC94CBA00A64D0F /* CoreGraphics.framework in Frameworks */,
			);
			runOnlyForDeploymentPostprocessing = 0;
		};
/* End PBXFrameworksBuildPhase section */

/* Begin PBXGroup section */
		080E96DDFE201D6D7F000001 /* Classes */ = {
			isa = PBXGroup;
			children = (
				1D3623240D0F684500981E51 /* SnowyAppDelegate.h */,
				1D3623250D0F684500981E51 /* SnowyAppDelegate.m */,
				28C286DF0D94DF7D0034E888 /* RootViewController.h */,
				28C286E00D94DF7D0034E888 /* RootViewController.m */,
				ECB826E51110D3E000BB9EEA /* LocationViewController.h */,
				ECB826E61110D3E000BB9EEA /* LocationViewController.m */,
				EC21E453110F43DC000B22F3 /* PropertyViewController.h */,
				EC21E454110F43DC000B22F3 /* PropertyViewController.m */,
				ECEC1C5C110E4B820064225E /* FloorplansViewController.h */,
				ECEC1C5D110E4B820064225E /* FloorplansViewController.m */,
			);
			path = Classes;
			sourceTree = "<group>";
		};
		19C28FACFE9D520D11CA2CBB /* Products */ = {
			isa = PBXGroup;
			children = (
				1D6058910D05DD3D006BFB54 /* Snowy.app */,
			);
			name = Products;
			sourceTree = "<group>";
		};
		29B97314FDCFA39411CA2CEA /* CustomTemplate */ = {
			isa = PBXGroup;
			children = (
				EC21EC761110B5DF000B22F3 /* Models */,
				ECEC1BED110E3B620064225E /* Views */,
				080E96DDFE201D6D7F000001 /* Classes */,
				29B97315FDCFA39411CA2CEA /* Other Sources */,
				29B97317FDCFA39411CA2CEA /* Resources */,
				29B97323FDCFA39411CA2CEA /* Frameworks */,
				19C28FACFE9D520D11CA2CBB /* Products */,
			);
			name = CustomTemplate;
			sourceTree = "<group>";
		};
		29B97315FDCFA39411CA2CEA /* Other Sources */ = {
			isa = PBXGroup;
			children = (
				28A0AAE50D9B0CCF005BE974 /* Snowy_Prefix.pch */,
				29B97316FDCFA39411CA2CEA /* main.m */,
			);
			name = "Other Sources";
			sourceTree = "<group>";
		};
		29B97317FDCFA39411CA2CEA /* Resources */ = {
			isa = PBXGroup;
			children = (
				ECEC1C1D110E43980064225E /* Images */,
				28AD735F0D9D9599002E5188 /* MainWindow.xib */,
				8D1107310486CEB800E47090 /* Snowy-Info.plist */,
				EC21E3DA110F3AF1000B22F3 /* Condominiums.plist */,
			);
			name = Resources;
			sourceTree = "<group>";
		};
		29B97323FDCFA39411CA2CEA /* Frameworks */ = {
			isa = PBXGroup;
			children = (
				1DF5F4DF0D08C38300B7A737 /* UIKit.framework */,
				1D30AB110D05D00D00671497 /* Foundation.framework */,
				2892E40F0DC94CBA00A64D0F /* CoreGraphics.framework */,
			);
			name = Frameworks;
			sourceTree = "<group>";
		};
		EC21EC761110B5DF000B22F3 /* Models */ = {
			isa = PBXGroup;
			children = (
				EC21EC771110B5F8000B22F3 /* Location.h */,
				EC21EC781110B5F8000B22F3 /* Location.m */,
				EC21EC7A1110B60D000B22F3 /* Property.h */,
				EC21EC7B1110B60D000B22F3 /* Property.m */,
				EC21EC7D1110B61A000B22F3 /* Floorplan.h */,
				EC21EC7E1110B61A000B22F3 /* Floorplan.m */,
			);
			name = Models;
			sourceTree = "<group>";
		};
		ECEC1BED110E3B620064225E /* Views */ = {
			isa = PBXGroup;
			children = (
				ECEC1BEE110E3B700064225E /* HomeView.h */,
				ECEC1BEF110E3B700064225E /* HomeView.m */,
				EC21E6D0110F7E49000B22F3 /* FloorplanView.h */,
				EC21E6D1110F7E49000B22F3 /* FloorplanView.m */,
				EC21E72D110F8832000B22F3 /* FloorplanScrollerView.h */,
				EC21E72E110F8832000B22F3 /* FloorplanScrollerView.m */,
				ECBC224011178613000B4AB7 /* VirtualTourView.h */,
				ECBC224111178613000B4AB7 /* VirtualTourView.m */,
			);
			name = Views;
			sourceTree = "<group>";
		};
		ECEC1C1D110E43980064225E /* Images */ = {
			isa = PBXGroup;
			children = (
				EC21E697110F7721000B22F3 /* quadrant.png */,
				EC21E57A110F58CC000B22F3 /* header-king-west.jpg */,
				EC21E57B110F58CC000B22F3 /* header-midtown.jpg */,
				EC21E57C110F58CC000B22F3 /* header-skyy.jpg */,
				EC21E57D110F58CC000B22F3 /* header-st-thomas.jpg */,
				EC21E4EF110F5106000B22F3 /* tab-rentals-on.jpg */,
				EC21E4F0110F5106000B22F3 /* tab-rentals.jpg */,
				EC21E4F1110F5106000B22F3 /* tab-toronto-on.jpg */,
				EC21E4F2110F5106000B22F3 /* tab-toronto.jpg */,
				EC21E4F3110F5106000B22F3 /* tab-florida-on.jpg */,
				EC21E4F4110F5106000B22F3 /* tab-florida.jpg */,
				EC21E4F5110F5106000B22F3 /* tab-ottawa-on.jpg */,
				EC21E4F6110F5106000B22F3 /* tab-ottawa.jpg */,
				ECEC1C55110E4B610064225E /* Floorplans */,
				ECEC1C1E110E43980064225E /* Default.png */,
			);
			path = Images;
			sourceTree = "<group>";
		};
		ECEC1C55110E4B610064225E /* Floorplans */ = {
			isa = PBXGroup;
			children = (
				ECBC22E411188382000B4AB7 /* virtual-1.jpg */,
				ECBC22E511188382000B4AB7 /* virtual-2.jpg */,
				ECBC22E611188382000B4AB7 /* virtual-3.jpg */,
				ECEC1C56110E4B610064225E /* floorplan-1.png */,
				ECEC1C57110E4B610064225E /* floorplan-2.png */,
				ECEC1C58110E4B610064225E /* floorplan-3.png */,
			);
			path = Floorplans;
			sourceTree = "<group>";
		};
/* End PBXGroup section */

/* Begin PBXNativeTarget section */
		1D6058900D05DD3D006BFB54 /* Snowy */ = {
			isa = PBXNativeTarget;
			buildConfigurationList = 1D6058960D05DD3E006BFB54 /* Build configuration list for PBXNativeTarget "Snowy" */;
			buildPhases = (
				1D60588D0D05DD3D006BFB54 /* Resources */,
				1D60588E0D05DD3D006BFB54 /* Sources */,
				1D60588F0D05DD3D006BFB54 /* Frameworks */,
			);
			buildRules = (
			);
			dependencies = (
			);
			name = Snowy;
			productName = Snowy;
			productReference = 1D6058910D05DD3D006BFB54 /* Snowy.app */;
			productType = "com.apple.product-type.application";
		};
/* End PBXNativeTarget section */

/* Begin PBXProject section */
		29B97313FDCFA39411CA2CEA /* Project object */ = {
			isa = PBXProject;
			buildConfigurationList = C01FCF4E08A954540054247B /* Build configuration list for PBXProject "Snowy" */;
			compatibilityVersion = "Xcode 3.1";
			hasScannedForEncodings = 1;
			knownRegions = (
				English,
				Japanese,
				French,
				German,
				en,
			);
			mainGroup = 29B97314FDCFA39411CA2CEA /* CustomTemplate */;
			projectDirPath = "";
			projectRoot = "";
			targets = (
				1D6058900D05DD3D006BFB54 /* Snowy */,
			);
		};
/* End PBXProject section */

/* Begin PBXResourcesBuildPhase section */
		1D60588D0D05DD3D006BFB54 /* Resources */ = {
			isa = PBXResourcesBuildPhase;
			buildActionMask = 2147483647;
			files = (
				28AD73600D9D9599002E5188 /* MainWindow.xib in Resources */,
				ECEC1C27110E43980064225E /* Default.png in Resources */,
				ECEC1C59110E4B610064225E /* floorplan-1.png in Resources */,
				ECEC1C5A110E4B610064225E /* floorplan-2.png in Resources */,
				ECEC1C5B110E4B610064225E /* floorplan-3.png in Resources */,
				EC21E3DB110F3AF1000B22F3 /* Condominiums.plist in Resources */,
				EC21E4F7110F5106000B22F3 /* tab-rentals-on.jpg in Resources */,
				EC21E4F8110F5106000B22F3 /* tab-rentals.jpg in Resources */,
				EC21E4F9110F5106000B22F3 /* tab-toronto-on.jpg in Resources */,
				EC21E4FA110F5106000B22F3 /* tab-toronto.jpg in Resources */,
				EC21E4FB110F5106000B22F3 /* tab-florida-on.jpg in Resources */,
				EC21E4FC110F5106000B22F3 /* tab-florida.jpg in Resources */,
				EC21E4FD110F5106000B22F3 /* tab-ottawa-on.jpg in Resources */,
				EC21E4FE110F5106000B22F3 /* tab-ottawa.jpg in Resources */,
				EC21E57E110F58CC000B22F3 /* header-king-west.jpg in Resources */,
				EC21E57F110F58CC000B22F3 /* header-midtown.jpg in Resources */,
				EC21E580110F58CC000B22F3 /* header-skyy.jpg in Resources */,
				EC21E581110F58CC000B22F3 /* header-st-thomas.jpg in Resources */,
				EC21E698110F7721000B22F3 /* quadrant.png in Resources */,
				ECBC22E711188382000B4AB7 /* virtual-1.jpg in Resources */,
				ECBC22E811188382000B4AB7 /* virtual-2.jpg in Resources */,
				ECBC22E911188382000B4AB7 /* virtual-3.jpg in Resources */,
			);
			runOnlyForDeploymentPostprocessing = 0;
		};
/* End PBXResourcesBuildPhase section */

/* Begin PBXSourcesBuildPhase section */
		1D60588E0D05DD3D006BFB54 /* Sources */ = {
			isa = PBXSourcesBuildPhase;
			buildActionMask = 2147483647;
			files = (
				1D60589B0D05DD56006BFB54 /* main.m in Sources */,
				1D3623260D0F684500981E51 /* SnowyAppDelegate.m in Sources */,
				28C286E10D94DF7D0034E888 /* RootViewController.m in Sources */,
				ECEC1BF0110E3B700064225E /* HomeView.m in Sources */,
				ECEC1C5E110E4B820064225E /* FloorplansViewController.m in Sources */,
				EC21E455110F43DC000B22F3 /* PropertyViewController.m in Sources */,
				EC21E6D2110F7E49000B22F3 /* FloorplanView.m in Sources */,
				EC21E72F110F8832000B22F3 /* FloorplanScrollerView.m in Sources */,
				EC21EC791110B5F8000B22F3 /* Location.m in Sources */,
				EC21EC7C1110B60D000B22F3 /* Property.m in Sources */,
				EC21EC7F1110B61A000B22F3 /* Floorplan.m in Sources */,
				ECB826E71110D3E000BB9EEA /* LocationViewController.m in Sources */,
				ECBC224211178613000B4AB7 /* VirtualTourView.m in Sources */,
			);
			runOnlyForDeploymentPostprocessing = 0;
		};
/* End PBXSourcesBuildPhase section */

/* Begin XCBuildConfiguration section */
		1D6058940D05DD3E006BFB54 /* Debug */ = {
			isa = XCBuildConfiguration;
			buildSettings = {
				ALWAYS_SEARCH_USER_PATHS = NO;
				COPY_PHASE_STRIP = NO;
				GCC_DYNAMIC_NO_PIC = NO;
				GCC_OPTIMIZATION_LEVEL = 0;
				GCC_PRECOMPILE_PREFIX_HEADER = YES;
				GCC_PREFIX_HEADER = Snowy_Prefix.pch;
				INFOPLIST_FILE = "Snowy-Info.plist";
				PRODUCT_NAME = Snowy;
			};
			name = Debug;
		};
		1D6058950D05DD3E006BFB54 /* Release */ = {
			isa = XCBuildConfiguration;
			buildSettings = {
				ALWAYS_SEARCH_USER_PATHS = NO;
				COPY_PHASE_STRIP = YES;
				GCC_PRECOMPILE_PREFIX_HEADER = YES;
				GCC_PREFIX_HEADER = Snowy_Prefix.pch;
				INFOPLIST_FILE = "Snowy-Info.plist";
				PRODUCT_NAME = Snowy;
			};
			name = Release;
		};
		C01FCF4F08A954540054247B /* Debug */ = {
			isa = XCBuildConfiguration;
			buildSettings = {
				ARCHS = "$(ARCHS_STANDARD_32_BIT)";
				"CODE_SIGN_IDENTITY[sdk=iphoneos*]" = "iPhone Developer";
				GCC_C_LANGUAGE_STANDARD = c99;
				GCC_WARN_ABOUT_RETURN_TYPE = YES;
				GCC_WARN_UNUSED_VARIABLE = YES;
				PREBINDING = NO;
				SDKROOT = iphoneos3.1.2;
			};
			name = Debug;
		};
		C01FCF5008A954540054247B /* Release */ = {
			isa = XCBuildConfiguration;
			buildSettings = {
				ARCHS = "$(ARCHS_STANDARD_32_BIT)";
				"CODE_SIGN_IDENTITY[sdk=iphoneos*]" = "iPhone Developer";
				GCC_C_LANGUAGE_STANDARD = c99;
				GCC_WARN_ABOUT_RETURN_TYPE = YES;
				GCC_WARN_UNUSED_VARIABLE = YES;
				PREBINDING = NO;
				SDKROOT = iphoneos3.1.2;
			};
			name = Release;
		};
/* End XCBuildConfiguration section */

/* Begin XCConfigurationList section */
		1D6058960D05DD3E006BFB54 /* Build configuration list for PBXNativeTarget "Snowy" */ = {
			isa = XCConfigurationList;
			buildConfigurations = (
				1D6058940D05DD3E006BFB54 /* Debug */,
				1D6058950D05DD3E006BFB54 /* Release */,
			);
			defaultConfigurationIsVisible = 0;
			defaultConfigurationName = Release;
		};
		C01FCF4E08A954540054247B /* Build configuration list for PBXProject "Snowy" */ = {
			isa = XCConfigurationList;
			buildConfigurations = (
				C01FCF4F08A954540054247B /* Debug */,
				C01FCF5008A954540054247B /* Release */,
			);
			defaultConfigurationIsVisible = 0;
			defaultConfigurationName = Release;
		};
/* End XCConfigurationList section */
	};
	rootObject = 29B97313FDCFA39411CA2CEA /* Project object */;
}
